
Microsoft Visual Studio Solution File, Format Version 12.00
# Visual Studio Version 16
VisualStudioVersion = 16.0.30204.135
MinimumVisualStudioVersion = 10.0.40219.1
Project("{FAE04EC0-301F-11D3-BF4B-00C04F79EFBC}") = "CreateControllerAndView", "CreateControllerAndView\CreateControllerAndView.csproj", "{076B537D-C25E-40F1-94B2-97597DCC3978}"
EndProject
Global
	GlobalSection(SolutionConfigurationPlatforms) = preSolution
		Debug|Any CPU = Debug|Any CPU
		Release|Any CPU = Release|Any CPU
	EndGlobalSection
	GlobalSection(ProjectConfigurationPlatforms) = postSolution
		{076B537D-C25E-40F1-94B2-97597DCC3978}.Debug|Any CPU.ActiveCfg = Debug|Any CPU
		{076B537D-C25E-40F1-94B2-97597DCC3978}.Debug|Any CPU.Build.0 = Debug|Any CPU
		{076B537D-C25E-40F1-94B2-97597DCC3978}.Release|Any CPU.ActiveCfg = Release|Any CPU
		{076B537D-C25E-40F1-94B2-97597DCC3978}.Release|Any CPU.Build.0 = Release|Any CPU
	EndGlobalSection
	GlobalSection(SolutionProperties) = preSolution
		HideSolutionNode = FALSE
	EndGlobalSection
	GlobalSection(ExtensibilityGlobals) = postSolution
		SolutionGuid = {F1E82E60-E3E0-46AC-BCEB-B133A89BEB58}
	EndGlobalSection
EndGlobal
